<?xml version="1.0" encoding="utf-8"?>
<Project ToolsVersion="4.0" xmlns="http://schemas.microsoft.com/developer/msbuild/2003">
  <ItemGroup>
    <Filter Include="Howling">
      <UniqueIdentifier>{9DBBB3B5-099B-3251-12B3-BD277E1199B2}</UniqueIdentifier>
    </Filter>
  </ItemGroup>
  <ItemGroup>
    <ClInclude Include="src\Howling.h" />
    <ClInclude Include="src\Howling\Application.h">
      <Filter>Howling</Filter>
    </ClInclude>
    <ClInclude Include="src\Howling\Core.h">
      <Filter>Howling</Filter>
    </ClInclude>
    <ClInclude Include="src\Howling\EntryPoint.h">
      <Filter>Howling</Filter>
    </ClInclude>
    <ClInclude Include="src\Howling\Log.h">
      <Filter>Howling</Filter>
    </ClInclude>
  </ItemGroup>
  <ItemGroup>
    <ClCompile Include="src\Howling\Application.cpp">
      <Filter>Howling</Filter>
    </ClCompile>
    <ClCompile Include="src\Howling\Log.cpp">
      <Filter>Howling</Filter>
    </ClCompile>
  </ItemGroup>
</Project>